
Microsoft Visual Studio Solution File, Format Version 12.00
Project("{FAE04EC0-301F-11D3-BF4B-00C04F79EFBC}") = "LessAnnoyingHttp", "LessAnnoyingHttp\LessAnnoyingHttp.csproj", "{741CDB32-C742-4BC8-AED0-16E7D3879674}"
EndProject
Global
	GlobalSection(SolutionConfigurationPlatforms) = preSolution
		Debug|Any CPU = Debug|Any CPU
		Release|Any CPU = Release|Any CPU
	EndGlobalSection
	GlobalSection(ProjectConfigurationPlatforms) = postSolution
		{741CDB32-C742-4BC8-AED0-16E7D3879674}.Debug|Any CPU.ActiveCfg = Debug|Any CPU
		{741CDB32-C742-4BC8-AED0-16E7D3879674}.Debug|Any CPU.Build.0 = Debug|Any CPU
		{741CDB32-C742-4BC8-AED0-16E7D3879674}.Release|Any CPU.ActiveCfg = Release|Any CPU
		{741CDB32-C742-4BC8-AED0-16E7D3879674}.Release|Any CPU.Build.0 = Release|Any CPU
	EndGlobalSection
EndGlobal
